{
  "name": "test-array-map",
  "version": "1.0.0",
  "lockfileVersion": 1,
  "requires": true,
  "dependencies": {
    "test-array-map-viencong": {
      "version": "1.0.0",
      "resolved": "https://registry.npmjs.org/test-array-map-viencong/-/test-array-map-viencong-1.0.0.tgz",
      "integrity": "sha512-PcUCcPNvH3wZU9qSUCgk/zsB7wX1iXsFw7EWgzGoXDGrYxzU7VDc5vnGq1cj8/HA1lX0SSDoMAcgcK+e4dhEiQ==",
      "dev": true
    },
    "typescript": {
      "version": "3.9.6",
      "resolved": "https://registry.npmjs.org/typescript/-/typescript-3.9.6.tgz",
      "integrity": "sha512-Pspx3oKAPJtjNwE92YS05HQoY7z2SFyOpHo9MqJor3BXAGNaPUs83CuVp9VISFkSjyRfiTpmKuAYGJB7S7hOxw==",
      "dev": true
    }
  }
}
